// !$*UTF8*$!
{
	archiveVersion = 1;
	classes = {
	};
	objectVersion = 55;
	objects = {

/* Begin PBXBuildFile section */
		3344DEF127F38AED00A0D190 /* AppDelegate.swift in Sources */ = {isa = PBXBuildFile; fileRef = 3344DEF027F38AED00A0D190 /* AppDelegate.swift */; };
		3344DEF327F38AED00A0D190 /* SceneDelegate.swift in Sources */ = {isa = PBXBuildFile; fileRef = 3344DEF227F38AED00A0D190 /* SceneDelegate.swift */; };
		3344DEF527F38AED00A0D190 /* ViewController.swift in Sources */ = {isa = PBXBuildFile; fileRef = 3344DEF427F38AED00A0D190 /* ViewController.swift */; };
		3344DEFB27F38AED00A0D190 /* SimpleCal.xcdatamodeld in Sources */ = {isa = PBXBuildFile; fileRef = 3344DEF927F38AED00A0D190 /* SimpleCal.xcdatamodeld */; };
		3344DEFD27F38AED00A0D190 /* Assets.xcassets in Resources */ = {isa = PBXBuildFile; fileRef = 3344DEFC27F38AED00A0D190 /* Assets.xcassets */; };
		3344DF0027F38AED00A0D190 /* LaunchScreen.storyboard in Resources */ = {isa = PBXBuildFile; fileRef = 3344DEFE27F38AED00A0D190 /* LaunchScreen.storyboard */; };
		3344DF0827F38E3400A0D190 /* HistoryViewController.swift in Sources */ = {isa = PBXBuildFile; fileRef = 3344DF0727F38E3400A0D190 /* HistoryViewController.swift */; };
		3344DF0A27F38E6900A0D190 /* TextViewController.swift in Sources */ = {isa = PBXBuildFile; fileRef = 3344DF0927F38E6900A0D190 /* TextViewController.swift */; };
		3344DF0C27F38E9400A0D190 /* HistoryFunctions.swift in Sources */ = {isa = PBXBuildFile; fileRef = 3344DF0B27F38E9400A0D190 /* HistoryFunctions.swift */; };
		3344DF0E27F38EBF00A0D190 /* ToastMessage.swift in Sources */ = {isa = PBXBuildFile; fileRef = 3344DF0D27F38EBF00A0D190 /* ToastMessage.swift */; };
		3344DF1027F38EDD00A0D190 /* DataModel.swift in Sources */ = {isa = PBXBuildFile; fileRef = 3344DF0F27F38EDD00A0D190 /* DataModel.swift */; };
		3344DF1227F38F0800A0D190 /* ViewModel.swift in Sources */ = {isa = PBXBuildFile; fileRef = 3344DF1127F38F0800A0D190 /* ViewModel.swift */; };
		3344DF1C27F38FF900A0D190 /* InfoPlist.strings in Resources */ = {isa = PBXBuildFile; fileRef = 3344DF1E27F38FF900A0D190 /* InfoPlist.strings */; };
		D6D7F1FAA4AB1694AF065FA9 /* Pods_SimpleCal.framework in Frameworks */ = {isa = PBXBuildFile; fileRef = 39CBF0148079FB74BD8430F5 /* Pods_SimpleCal.framework */; };
/* End PBXBuildFile section */

/* Begin PBXFileReference section */
		112B823583FD1471E61D371F /* Pods-SimpleCal.release.xcconfig */ = {isa = PBXFileReference; includeInIndex = 1; lastKnownFileType = text.xcconfig; name = "Pods-SimpleCal.release.xcconfig"; path = "Target Support Files/Pods-SimpleCal/Pods-SimpleCal.release.xcconfig"; sourceTree = "<group>"; };
		3344DEED27F38AEC00A0D190 /* SimpleCal.app */ = {isa = PBXFileReference; explicitFileType = wrapper.application; includeInIndex = 0; path = SimpleCal.app; sourceTree = BUILT_PRODUCTS_DIR; };
		3344DEF027F38AED00A0D190 /* AppDelegate.swift */ = {isa = PBXFileReference; lastKnownFileType = sourcecode.swift; path = AppDelegate.swift; sourceTree = "<group>"; };
		3344DEF227F38AED00A0D190 /* SceneDelegate.swift */ = {isa = PBXFileReference; lastKnownFileType = sourcecode.swift; path = SceneDelegate.swift; sourceTree = "<group>"; };
		3344DEF427F38AED00A0D190 /* ViewController.swift */ = {isa = PBXFileReference; lastKnownFileType = sourcecode.swift; path = ViewController.swift; sourceTree = "<group>"; };
		3344DEFA27F38AED00A0D190 /* SimpleCal.xcdatamodel */ = {isa = PBXFileReference; lastKnownFileType = wrapper.xcdatamodel; path = SimpleCal.xcdatamodel; sourceTree = "<group>"; };
		3344DEFC27F38AED00A0D190 /* Assets.xcassets */ = {isa = PBXFileReference; lastKnownFileType = folder.assetcatalog; path = Assets.xcassets; sourceTree = "<group>"; };
		3344DEFF27F38AED00A0D190 /* Base */ = {isa = PBXFileReference; lastKnownFileType = file.storyboard; name = Base; path = Base.lproj/LaunchScreen.storyboard; sourceTree = "<group>"; };
		3344DF0127F38AED00A0D190 /* Info.plist */ = {isa = PBXFileReference; lastKnownFileType = text.plist.xml; path = Info.plist; sourceTree = "<group>"; };
		3344DF0727F38E3400A0D190 /* HistoryViewController.swift */ = {isa = PBXFileReference; lastKnownFileType = sourcecode.swift; path = HistoryViewController.swift; sourceTree = "<group>"; };
		3344DF0927F38E6900A0D190 /* TextViewController.swift */ = {isa = PBXFileReference; lastKnownFileType = sourcecode.swift; path = TextViewController.swift; sourceTree = "<group>"; };
		3344DF0B27F38E9400A0D190 /* HistoryFunctions.swift */ = {isa = PBXFileReference; lastKnownFileType = sourcecode.swift; path = HistoryFunctions.swift; sourceTree = "<group>"; };
		3344DF0D27F38EBF00A0D190 /* ToastMessage.swift */ = {isa = PBXFileReference; lastKnownFileType = sourcecode.swift; path = ToastMessage.swift; sourceTree = "<group>"; };
		3344DF0F27F38EDD00A0D190 /* DataModel.swift */ = {isa = PBXFileReference; lastKnownFileType = sourcecode.swift; path = DataModel.swift; sourceTree = "<group>"; };
		3344DF1127F38F0800A0D190 /* ViewModel.swift */ = {isa = PBXFileReference; lastKnownFileType = sourcecode.swift; path = ViewModel.swift; sourceTree = "<group>"; };
		3344DF1A27F38FF000A0D190 /* ko */ = {isa = PBXFileReference; lastKnownFileType = text.plist.strings; name = ko; path = ko.lproj/LaunchScreen.strings; sourceTree = "<group>"; };
		3344DF1D27F38FF900A0D190 /* ko */ = {isa = PBXFileReference; lastKnownFileType = text.plist.strings; name = ko; path = ko.lproj/InfoPlist.strings; sourceTree = "<group>"; };
		3344DF1F27F38FFC00A0D190 /* en */ = {isa = PBXFileReference; lastKnownFileType = text.plist.strings; name = en; path = en.lproj/InfoPlist.strings; sourceTree = "<group>"; };
		39CBF0148079FB74BD8430F5 /* Pods_SimpleCal.framework */ = {isa = PBXFileReference; explicitFileType = wrapper.framework; includeInIndex = 0; path = Pods_SimpleCal.framework; sourceTree = BUILT_PRODUCTS_DIR; };
		7AA1EFE9AD9F747F967635C6 /* Pods-SimpleCal.debug.xcconfig */ = {isa = PBXFileReference; includeInIndex = 1; lastKnownFileType = text.xcconfig; name = "Pods-SimpleCal.debug.xcconfig"; path = "Target Support Files/Pods-SimpleCal/Pods-SimpleCal.debug.xcconfig"; sourceTree = "<group>"; };
/* End PBXFileReference section */

/* Begin PBXFrameworksBuildPhase section */
		3344DEEA27F38AEC00A0D190 /* Frameworks */ = {
			isa = PBXFrameworksBuildPhase;
			buildActionMask = 2147483647;
			files = (
				D6D7F1FAA4AB1694AF065FA9 /* Pods_SimpleCal.framework in Frameworks */,
			);
			runOnlyForDeploymentPostprocessing = 0;
		};
/* End PBXFrameworksBuildPhase section */

/* Begin PBXGroup section */
		3344DEE427F38AEC00A0D190 = {
			isa = PBXGroup;
			children = (
				3344DEEF27F38AED00A0D190 /* SimpleCal */,
				3344DEEE27F38AEC00A0D190 /* Products */,
				487061E56137B0B6D23D7172 /* Pods */,
				B5B14F72F1A411F795339786 /* Frameworks */,
			);
			sourceTree = "<group>";
		};
		3344DEEE27F38AEC00A0D190 /* Products */ = {
			isa = PBXGroup;
			children = (
				3344DEED27F38AEC00A0D190 /* SimpleCal.app */,
			);
			name = Products;
			sourceTree = "<group>";
		};
		3344DEEF27F38AED00A0D190 /* SimpleCal */ = {
			isa = PBXGroup;
			children = (
				3344DF1E27F38FF900A0D190 /* InfoPlist.strings */,
				3344DEF027F38AED00A0D190 /* AppDelegate.swift */,
				3344DEF227F38AED00A0D190 /* SceneDelegate.swift */,
				3344DEF427F38AED00A0D190 /* ViewController.swift */,
				3344DF1127F38F0800A0D190 /* ViewModel.swift */,
				3344DF0727F38E3400A0D190 /* HistoryViewController.swift */,
				3344DF0F27F38EDD00A0D190 /* DataModel.swift */,
				3344DF0D27F38EBF00A0D190 /* ToastMessage.swift */,
				3344DF0B27F38E9400A0D190 /* HistoryFunctions.swift */,
				3344DF0927F38E6900A0D190 /* TextViewController.swift */,
				3344DEFC27F38AED00A0D190 /* Assets.xcassets */,
				3344DEFE27F38AED00A0D190 /* LaunchScreen.storyboard */,
				3344DF0127F38AED00A0D190 /* Info.plist */,
				3344DEF927F38AED00A0D190 /* SimpleCal.xcdatamodeld */,
			);
			path = SimpleCal;
			sourceTree = "<group>";
		};
		487061E56137B0B6D23D7172 /* Pods */ = {
			isa = PBXGroup;
			children = (
				7AA1EFE9AD9F747F967635C6 /* Pods-SimpleCal.debug.xcconfig */,
				112B823583FD1471E61D371F /* Pods-SimpleCal.release.xcconfig */,
			);
			path = Pods;
			sourceTree = "<group>";
		};
		B5B14F72F1A411F795339786 /* Frameworks */ = {
			isa = PBXGroup;
			children = (
				39CBF0148079FB74BD8430F5 /* Pods_SimpleCal.framework */,
			);
			name = Frameworks;
			sourceTree = "<group>";
		};
/* End PBXGroup section */

/* Begin PBXNativeTarget section */
		3344DEEC27F38AEC00A0D190 /* SimpleCal */ = {
			isa = PBXNativeTarget;
			buildConfigurationList = 3344DF0427F38AED00A0D190 /* Build configuration list for PBXNativeTarget "SimpleCal" */;
			buildPhases = (
				38CF1538017A511ECD588915 /* [CP] Check Pods Manifest.lock */,
				3344DEE927F38AEC00A0D190 /* Sources */,
				3344DEEA27F38AEC00A0D190 /* Frameworks */,
				3344DEEB27F38AEC00A0D190 /* Resources */,
				2F41C7FC3E1659860ED83BB6 /* [CP] Embed Pods Frameworks */,
			);
			buildRules = (
			);
			dependencies = (
			);
			name = SimpleCal;
			productName = SimpleCal;
			productReference = 3344DEED27F38AEC00A0D190 /* SimpleCal.app */;
			productType = "com.apple.product-type.application";
		};
/* End PBXNativeTarget section */

/* Begin PBXProject section */
		3344DEE527F38AEC00A0D190 /* Project object */ = {
			isa = PBXProject;
			attributes = {
				BuildIndependentTargetsInParallel = 1;
				LastSwiftUpdateCheck = 1330;
				LastUpgradeCheck = 1330;
				TargetAttributes = {
					3344DEEC27F38AEC00A0D190 = {
						CreatedOnToolsVersion = 13.3;
					};
				};
			};
			buildConfigurationList = 3344DEE827F38AEC00A0D190 /* Build configuration list for PBXProject "SimpleCal" */;
			compatibilityVersion = "Xcode 13.0";
			developmentRegion = en;
			hasScannedForEncodings = 0;
			knownRegions = (
				en,
				Base,
				ko,
			);
			mainGroup = 3344DEE427F38AEC00A0D190;
			productRefGroup = 3344DEEE27F38AEC00A0D190 /* Products */;
			projectDirPath = "";
			projectRoot = "";
			targets = (
				3344DEEC27F38AEC00A0D190 /* SimpleCal */,
			);
		};
/* End PBXProject section */

/* Begin PBXResourcesBuildPhase section */
		3344DEEB27F38AEC00A0D190 /* Resources */ = {
			isa = PBXResourcesBuildPhase;
			buildActionMask = 2147483647;
			files = (
				3344DF0027F38AED00A0D190 /* LaunchScreen.storyboard in Resources */,
				3344DF1C27F38FF900A0D190 /* InfoPlist.strings in Resources */,
				3344DEFD27F38AED00A0D190 /* Assets.xcassets in Resources */,
			);
			runOnlyForDeploymentPostprocessing = 0;
		};
/* End PBXResourcesBuildPhase section */

/* Begin PBXShellScriptBuildPhase section */
		2F41C7FC3E1659860ED83BB6 /* [CP] Embed Pods Frameworks */ = {
			isa = PBXShellScriptBuildPhase;
			buildActionMask = 2147483647;
			files = (
			);
			inputFileListPaths = (
				"${PODS_ROOT}/Target Support Files/Pods-SimpleCal/Pods-SimpleCal-frameworks-${CONFIGURATION}-input-files.xcfilelist",
			);
			name = "[CP] Embed Pods Frameworks";
			outputFileListPaths = (
				"${PODS_ROOT}/Target Support Files/Pods-SimpleCal/Pods-SimpleCal-frameworks-${CONFIGURATION}-output-files.xcfilelist",
			);
			runOnlyForDeploymentPostprocessing = 0;
			shellPath = /bin/sh;
			shellScript = "\"${PODS_ROOT}/Target Support Files/Pods-SimpleCal/Pods-SimpleCal-frameworks.sh\"\n";
			showEnvVarsInLog = 0;
		};
		38CF1538017A511ECD588915 /* [CP] Check Pods Manifest.lock */ = {
			isa = PBXShellScriptBuildPhase;
			buildActionMask = 2147483647;
			files = (
			);
			inputFileListPaths = (
			);
			inputPaths = (
				"${PODS_PODFILE_DIR_PATH}/Podfile.lock",
				"${PODS_ROOT}/Manifest.lock",
			);
			name = "[CP] Check Pods Manifest.lock";
			outputFileListPaths = (
			);
			outputPaths = (
				"$(DERIVED_FILE_DIR)/Pods-SimpleCal-checkManifestLockResult.txt",
			);
			runOnlyForDeploymentPostprocessing = 0;
			shellPath = /bin/sh;
			shellScript = "diff \"${PODS_PODFILE_DIR_PATH}/Podfile.lock\" \"${PODS_ROOT}/Manifest.lock\" > /dev/null\nif [ $? != 0 ] ; then\n    # print error to STDERR\n    echo \"error: The sandbox is not in sync with the Podfile.lock. Run 'pod install' or update your CocoaPods installation.\" >&2\n    exit 1\nfi\n# This output is used by Xcode 'outputs' to avoid re-running this script phase.\necho \"SUCCESS\" > \"${SCRIPT_OUTPUT_FILE_0}\"\n";
			showEnvVarsInLog = 0;
		};
/* End PBXShellScriptBuildPhase section */

/* Begin PBXSourcesBuildPhase section */
		3344DEE927F38AEC00A0D190 /* Sources */ = {
			isa = PBXSourcesBuildPhase;
			buildActionMask = 2147483647;
			files = (
				3344DF1227F38F0800A0D190 /* ViewModel.swift in Sources */,
				3344DEFB27F38AED00A0D190 /* SimpleCal.xcdatamodeld in Sources */,
				3344DEF527F38AED00A0D190 /* ViewController.swift in Sources */,
				3344DEF127F38AED00A0D190 /* AppDelegate.swift in Sources */,
				3344DF0C27F38E9400A0D190 /* HistoryFunctions.swift in Sources */,
				3344DF0827F38E3400A0D190 /* HistoryViewController.swift in Sources */,
				3344DF0E27F38EBF00A0D190 /* ToastMessage.swift in Sources */,
				3344DEF327F38AED00A0D190 /* SceneDelegate.swift in Sources */,
				3344DF0A27F38E6900A0D190 /* TextViewController.swift in Sources */,
				3344DF1027F38EDD00A0D190 /* DataModel.swift in Sources */,
			);
			runOnlyForDeploymentPostprocessing = 0;
		};
/* End PBXSourcesBuildPhase section */

/* Begin PBXVariantGroup section */
		3344DEFE27F38AED00A0D190 /* LaunchScreen.storyboard */ = {
			isa = PBXVariantGroup;
			children = (
				3344DEFF27F38AED00A0D190 /* Base */,
				3344DF1A27F38FF000A0D190 /* ko */,
			);
			name = LaunchScreen.storyboard;
			sourceTree = "<group>";
		};
		3344DF1E27F38FF900A0D190 /* InfoPlist.strings */ = {
			isa = PBXVariantGroup;
			children = (
				3344DF1D27F38FF900A0D190 /* ko */,
				3344DF1F27F38FFC00A0D190 /* en */,
			);
			name = InfoPlist.strings;
			sourceTree = "<group>";
		};
/* End PBXVariantGroup section */

/* Begin XCBuildConfiguration section */
		3344DF0227F38AED00A0D190 /* Debug */ = {
			isa = XCBuildConfiguration;
			buildSettings = {
				ALWAYS_SEARCH_USER_PATHS = NO;
				CLANG_ANALYZER_LOCALIZABILITY_NONLOCALIZED = YES;
				CLANG_ANALYZER_NONNULL = YES;
				CLANG_ANALYZER_NUMBER_OBJECT_CONVERSION = YES_AGGRESSIVE;
				CLANG_CXX_LANGUAGE_STANDARD = "gnu++17";
				CLANG_ENABLE_MODULES = YES;
				CLANG_ENABLE_OBJC_ARC = YES;
				CLANG_ENABLE_OBJC_WEAK = YES;
				CLANG_WARN_BLOCK_CAPTURE_AUTORELEASING = YES;
				CLANG_WARN_BOOL_CONVERSION = YES;
				CLANG_WARN_COMMA = YES;
				CLANG_WARN_CONSTANT_CONVERSION = YES;
				CLANG_WARN_DEPRECATED_OBJC_IMPLEMENTATIONS = YES;
				CLANG_WARN_DIRECT_OBJC_ISA_USAGE = YES_ERROR;
				CLANG_WARN_DOCUMENTATION_COMMENTS = YES;
				CLANG_WARN_EMPTY_BODY = YES;
				CLANG_WARN_ENUM_CONVERSION = YES;
				CLANG_WARN_INFINITE_RECURSION = YES;
				CLANG_WARN_INT_CONVERSION = YES;
				CLANG_WARN_NON_LITERAL_NULL_CONVERSION = YES;
				CLANG_WARN_OBJC_IMPLICIT_RETAIN_SELF = YES;
				CLANG_WARN_OBJC_LITERAL_CONVERSION = YES;
				CLANG_WARN_OBJC_ROOT_CLASS = YES_ERROR;
				CLANG_WARN_QUOTED_INCLUDE_IN_FRAMEWORK_HEADER = YES;
				CLANG_WARN_RANGE_LOOP_ANALYSIS = YES;
				CLANG_WARN_STRICT_PROTOTYPES = YES;
				CLANG_WARN_SUSPICIOUS_MOVE = YES;
				CLANG_WARN_UNGUARDED_AVAILABILITY = YES_AGGRESSIVE;
				CLANG_WARN_UNREACHABLE_CODE = YES;
				CLANG_WARN__DUPLICATE_METHOD_MATCH = YES;
				COPY_PHASE_STRIP = NO;
				DEBUG_INFORMATION_FORMAT = dwarf;
				ENABLE_STRICT_OBJC_MSGSEND = YES;
				ENABLE_TESTABILITY = YES;
				GCC_C_LANGUAGE_STANDARD = gnu11;
				GCC_DYNAMIC_NO_PIC = NO;
				GCC_NO_COMMON_BLOCKS = YES;
				GCC_OPTIMIZATION_LEVEL = 0;
				GCC_PREPROCESSOR_DEFINITIONS = (
					"DEBUG=1",
					"$(inherited)",
				);
				GCC_WARN_64_TO_32_BIT_CONVERSION = YES;
				GCC_WARN_ABOUT_RETURN_TYPE = YES_ERROR;
				GCC_WARN_UNDECLARED_SELECTOR = YES;
				GCC_WARN_UNINITIALIZED_AUTOS = YES_AGGRESSIVE;
				GCC_WARN_UNUSED_FUNCTION = YES;
				GCC_WARN_UNUSED_VARIABLE = YES;
				IPHONEOS_DEPLOYMENT_TARGET = 15.4;
				MTL_ENABLE_DEBUG_INFO = INCLUDE_SOURCE;
				MTL_FAST_MATH = YES;
				ONLY_ACTIVE_ARCH = YES;
				SDKROOT = iphoneos;
				SWIFT_ACTIVE_COMPILATION_CONDITIONS = DEBUG;
				SWIFT_OPTIMIZATION_LEVEL = "-Onone";
			};
			name = Debug;
		};
		3344DF0327F38AED00A0D190 /* Release */ = {
			isa = XCBuildConfiguration;
			buildSettings = {
				ALWAYS_SEARCH_USER_PATHS = NO;
				CLANG_ANALYZER_LOCALIZABILITY_NONLOCALIZED = YES;
				CLANG_ANALYZER_NONNULL = YES;
				CLANG_ANALYZER_NUMBER_OBJECT_CONVERSION = YES_AGGRESSIVE;
				CLANG_CXX_LANGUAGE_STANDARD = "gnu++17";
				CLANG_ENABLE_MODULES = YES;
				CLANG_ENABLE_OBJC_ARC = YES;
				CLANG_ENABLE_OBJC_WEAK = YES;
				CLANG_WARN_BLOCK_CAPTURE_AUTORELEASING = YES;
				CLANG_WARN_BOOL_CONVERSION = YES;
				CLANG_WARN_COMMA = YES;
				CLANG_WARN_CONSTANT_CONVERSION = YES;
				CLANG_WARN_DEPRECATED_OBJC_IMPLEMENTATIONS = YES;
				CLANG_WARN_DIRECT_OBJC_ISA_USAGE = YES_ERROR;
				CLANG_WARN_DOCUMENTATION_COMMENTS = YES;
				CLANG_WARN_EMPTY_BODY = YES;
				CLANG_WARN_ENUM_CONVERSION = YES;
				CLANG_WARN_INFINITE_RECURSION = YES;
				CLANG_WARN_INT_CONVERSION = YES;
				CLANG_WARN_NON_LITERAL_NULL_CONVERSION = YES;
				CLANG_WARN_OBJC_IMPLICIT_RETAIN_SELF = YES;
				CLANG_WARN_OBJC_LITERAL_CONVERSION = YES;
				CLANG_WARN_OBJC_ROOT_CLASS = YES_ERROR;
				CLANG_WARN_QUOTED_INCLUDE_IN_FRAMEWORK_HEADER = YES;
				CLANG_WARN_RANGE_LOOP_ANALYSIS = YES;
				CLANG_WARN_STRICT_PROTOTYPES = YES;
				CLANG_WARN_SUSPICIOUS_MOVE = YES;
				CLANG_WARN_UNGUARDED_AVAILABILITY = YES_AGGRESSIVE;
				CLANG_WARN_UNREACHABLE_CODE = YES;
				CLANG_WARN__DUPLICATE_METHOD_MATCH = YES;
				COPY_PHASE_STRIP = NO;
				DEBUG_INFORMATION_FORMAT = "dwarf-with-dsym";
				ENABLE_NS_ASSERTIONS = NO;
				ENABLE_STRICT_OBJC_MSGSEND = YES;
				GCC_C_LANGUAGE_STANDARD = gnu11;
				GCC_NO_COMMON_BLOCKS = YES;
				GCC_WARN_64_TO_32_BIT_CONVERSION = YES;
				GCC_WARN_ABOUT_RETURN_TYPE = YES_ERROR;
				GCC_WARN_UNDECLARED_SELECTOR = YES;
				GCC_WARN_UNINITIALIZED_AUTOS = YES_AGGRESSIVE;
				GCC_WARN_UNUSED_FUNCTION = YES;
				GCC_WARN_UNUSED_VARIABLE = YES;
				IPHONEOS_DEPLOYMENT_TARGET = 15.4;
				MTL_ENABLE_DEBUG_INFO = NO;
				MTL_FAST_MATH = YES;
				SDKROOT = iphoneos;
				SWIFT_COMPILATION_MODE = wholemodule;
				SWIFT_OPTIMIZATION_LEVEL = "-O";
				VALIDATE_PRODUCT = YES;
			};
			name = Release;
		};
		3344DF0527F38AED00A0D190 /* Debug */ = {
			isa = XCBuildConfiguration;
			baseConfigurationReference = 7AA1EFE9AD9F747F967635C6 /* Pods-SimpleCal.debug.xcconfig */;
			buildSettings = {
				ASSETCATALOG_COMPILER_APPICON_NAME = AppIcon;
				ASSETCATALOG_COMPILER_GLOBAL_ACCENT_COLOR_NAME = AccentColor;
				CODE_SIGN_STYLE = Automatic;
				CURRENT_PROJECT_VERSION = 1;
				DEVELOPMENT_TEAM = 53A2NCY57F;
				GENERATE_INFOPLIST_FILE = YES;
				INFOPLIST_FILE = SimpleCal/Info.plist;
				INFOPLIST_KEY_UIApplicationSupportsIndirectInputEvents = YES;
				INFOPLIST_KEY_UILaunchStoryboardName = LaunchScreen;
				INFOPLIST_KEY_UISupportedInterfaceOrientations_iPad = "UIInterfaceOrientationPortrait UIInterfaceOrientationPortraitUpsideDown UIInterfaceOrientationLandscapeLeft UIInterfaceOrientationLandscapeRight";
				INFOPLIST_KEY_UISupportedInterfaceOrientations_iPhone = "UIInterfaceOrientationPortrait UIInterfaceOrientationLandscapeLeft UIInterfaceOrientationLandscapeRight";
				LD_RUNPATH_SEARCH_PATHS = (
					"$(inherited)",
					"@executable_path/Frameworks",
				);
				MARKETING_VERSION = 1.0.2;
				PRODUCT_BUNDLE_IDENTIFIER = com.eom.SimpleCal;
				PRODUCT_NAME = "$(TARGET_NAME)";
				SWIFT_EMIT_LOC_STRINGS = YES;
				SWIFT_VERSION = 5.0;
				TARGETED_DEVICE_FAMILY = "1,2";
			};
			name = Debug;
		};
		3344DF0627F38AED00A0D190 /* Release */ = {
			isa = XCBuildConfiguration;
			baseConfigurationReference = 112B823583FD1471E61D371F /* Pods-SimpleCal.release.xcconfig */;
			buildSettings = {
				ASSETCATALOG_COMPILER_APPICON_NAME = AppIcon;
				ASSETCATALOG_COMPILER_GLOBAL_ACCENT_COLOR_NAME = AccentColor;
				CODE_SIGN_STYLE = Automatic;
				CURRENT_PROJECT_VERSION = 1;
				DEVELOPMENT_TEAM = 53A2NCY57F;
				GENERATE_INFOPLIST_FILE = YES;
				INFOPLIST_FILE = SimpleCal/Info.plist;
				INFOPLIST_KEY_UIApplicationSupportsIndirectInputEvents = YES;
				INFOPLIST_KEY_UILaunchStoryboardName = LaunchScreen;
				INFOPLIST_KEY_UISupportedInterfaceOrientations_iPad = "UIInterfaceOrientationPortrait UIInterfaceOrientationPortraitUpsideDown UIInterfaceOrientationLandscapeLeft UIInterfaceOrientationLandscapeRight";
				INFOPLIST_KEY_UISupportedInterfaceOrientations_iPhone = "UIInterfaceOrientationPortrait UIInterfaceOrientationLandscapeLeft UIInterfaceOrientationLandscapeRight";
				LD_RUNPATH_SEARCH_PATHS = (
					"$(inherited)",
					"@executable_path/Frameworks",
				);
				MARKETING_VERSION = 1.0.2;
				PRODUCT_BUNDLE_IDENTIFIER = com.eom.SimpleCal;
				PRODUCT_NAME = "$(TARGET_NAME)";
				SWIFT_EMIT_LOC_STRINGS = YES;
				SWIFT_VERSION = 5.0;
				TARGETED_DEVICE_FAMILY = "1,2";
			};
			name = Release;
		};
/* End XCBuildConfiguration section */

/* Begin XCConfigurationList section */
		3344DEE827F38AEC00A0D190 /* Build configuration list for PBXProject "SimpleCal" */ = {
			isa = XCConfigurationList;
			buildConfigurations = (
				3344DF0227F38AED00A0D190 /* Debug */,
				3344DF0327F38AED00A0D190 /* Release */,
			);
			defaultConfigurationIsVisible = 0;
			defaultConfigurationName = Release;
		};
		3344DF0427F38AED00A0D190 /* Build configuration list for PBXNativeTarget "SimpleCal" */ = {
			isa = XCConfigurationList;
			buildConfigurations = (
				3344DF0527F38AED00A0D190 /* Debug */,
				3344DF0627F38AED00A0D190 /* Release */,
			);
			defaultConfigurationIsVisible = 0;
			defaultConfigurationName = Release;
		};
/* End XCConfigurationList section */

/* Begin XCVersionGroup section */
		3344DEF927F38AED00A0D190 /* SimpleCal.xcdatamodeld */ = {
			isa = XCVersionGroup;
			children = (
				3344DEFA27F38AED00A0D190 /* SimpleCal.xcdatamodel */,
			);
			currentVersion = 3344DEFA27F38AED00A0D190 /* SimpleCal.xcdatamodel */;
			path = SimpleCal.xcdatamodeld;
			sourceTree = "<group>";
			versionGroupType = wrapper.xcdatamodel;
		};
/* End XCVersionGroup section */
	};
	rootObject = 3344DEE527F38AEC00A0D190 /* Project object */;
}
